// !$*UTF8*$!
{
	archiveVersion = 1;
	classes = {
	};
	objectVersion = 50;
	objects = {

/* Begin PBXBuildFile section */
		836B29EE25148C790082DD67 /* AppDelegate.swift in Sources */ = {isa = PBXBuildFile; fileRef = 836B29ED25148C790082DD67 /* AppDelegate.swift */; };
		836B29F025148C790082DD67 /* SceneDelegate.swift in Sources */ = {isa = PBXBuildFile; fileRef = 836B29EF25148C790082DD67 /* SceneDelegate.swift */; };
		836B29F225148C790082DD67 /* ViewController.swift in Sources */ = {isa = PBXBuildFile; fileRef = 836B29F125148C790082DD67 /* ViewController.swift */; };
		836B29F525148C790082DD67 /* Main.storyboard in Resources */ = {isa = PBXBuildFile; fileRef = 836B29F325148C790082DD67 /* Main.storyboard */; };
		836B29F725148C7C0082DD67 /* Assets.xcassets in Resources */ = {isa = PBXBuildFile; fileRef = 836B29F625148C7C0082DD67 /* Assets.xcassets */; };
		836B29FA25148C7C0082DD67 /* LaunchScreen.storyboard in Resources */ = {isa = PBXBuildFile; fileRef = 836B29F825148C7C0082DD67 /* LaunchScreen.storyboard */; };
		836B2A0525148C7C0082DD67 /* tutorial1_rao_adarshTests.swift in Sources */ = {isa = PBXBuildFile; fileRef = 836B2A0425148C7C0082DD67 /* tutorial1_rao_adarshTests.swift */; };
		836B2A1025148C7C0082DD67 /* tutorial1_rao_adarshUITests.swift in Sources */ = {isa = PBXBuildFile; fileRef = 836B2A0F25148C7C0082DD67 /* tutorial1_rao_adarshUITests.swift */; };
/* End PBXBuildFile section */

/* Begin PBXContainerItemProxy section */
		836B2A0125148C7C0082DD67 /* PBXContainerItemProxy */ = {
			isa = PBXContainerItemProxy;
			containerPortal = 836B29E225148C790082DD67 /* Project object */;
			proxyType = 1;
			remoteGlobalIDString = 836B29E925148C790082DD67;
			remoteInfo = tutorial1_rao_adarsh;
		};
		836B2A0C25148C7C0082DD67 /* PBXContainerItemProxy */ = {
			isa = PBXContainerItemProxy;
			containerPortal = 836B29E225148C790082DD67 /* Project object */;
			proxyType = 1;
			remoteGlobalIDString = 836B29E925148C790082DD67;
			remoteInfo = tutorial1_rao_adarsh;
		};
/* End PBXContainerItemProxy section */

/* Begin PBXFileReference section */
		836B29EA25148C790082DD67 /* tutorial1_rao_adarsh.app */ = {isa = PBXFileReference; explicitFileType = wrapper.application; includeInIndex = 0; path = tutorial1_rao_adarsh.app; sourceTree = BUILT_PRODUCTS_DIR; };
		836B29ED25148C790082DD67 /* AppDelegate.swift */ = {isa = PBXFileReference; lastKnownFileType = sourcecode.swift; path = AppDelegate.swift; sourceTree = "<group>"; };
		836B29EF25148C790082DD67 /* SceneDelegate.swift */ = {isa = PBXFileReference; lastKnownFileType = sourcecode.swift; path = SceneDelegate.swift; sourceTree = "<group>"; };
		836B29F125148C790082DD67 /* ViewController.swift */ = {isa = PBXFileReference; lastKnownFileType = sourcecode.swift; path = ViewController.swift; sourceTree = "<group>"; };
		836B29F425148C790082DD67 /* Base */ = {isa = PBXFileReference; lastKnownFileType = file.storyboard; name = Base; path = Base.lproj/Main.storyboard; sourceTree = "<group>"; };
		836B29F625148C7C0082DD67 /* Assets.xcassets */ = {isa = PBXFileReference; lastKnownFileType = folder.assetcatalog; path = Assets.xcassets; sourceTree = "<group>"; };
		836B29F925148C7C0082DD67 /* Base */ = {isa = PBXFileReference; lastKnownFileType = file.storyboard; name = Base; path = Base.lproj/LaunchScreen.storyboard; sourceTree = "<group>"; };
		836B29FB25148C7C0082DD67 /* Info.plist */ = {isa = PBXFileReference; lastKnownFileType = text.plist.xml; path = Info.plist; sourceTree = "<group>"; };
		836B2A0025148C7C0082DD67 /* tutorial1_rao_adarshTests.xctest */ = {isa = PBXFileReference; explicitFileType = wrapper.cfbundle; includeInIndex = 0; path = tutorial1_rao_adarshTests.xctest; sourceTree = BUILT_PRODUCTS_DIR; };
		836B2A0425148C7C0082DD67 /* tutorial1_rao_adarshTests.swift */ = {isa = PBXFileReference; lastKnownFileType = sourcecode.swift; path = tutorial1_rao_adarshTests.swift; sourceTree = "<group>"; };
		836B2A0625148C7C0082DD67 /* Info.plist */ = {isa = PBXFileReference; lastKnownFileType = text.plist.xml; path = Info.plist; sourceTree = "<group>"; };
		836B2A0B25148C7C0082DD67 /* tutorial1_rao_adarshUITests.xctest */ = {isa = PBXFileReference; explicitFileType = wrapper.cfbundle; includeInIndex = 0; path = tutorial1_rao_adarshUITests.xctest; sourceTree = BUILT_PRODUCTS_DIR; };
		836B2A0F25148C7C0082DD67 /* tutorial1_rao_adarshUITests.swift */ = {isa = PBXFileReference; lastKnownFileType = sourcecode.swift; path = tutorial1_rao_adarshUITests.swift; sourceTree = "<group>"; };
		836B2A1125148C7C0082DD67 /* Info.plist */ = {isa = PBXFileReference; lastKnownFileType = text.plist.xml; path = Info.plist; sourceTree = "<group>"; };
/* End PBXFileReference section */

/* Begin PBXFrameworksBuildPhase section */
		836B29E725148C790082DD67 /* Frameworks */ = {
			isa = PBXFrameworksBuildPhase;
			buildActionMask = 2147483647;
			files = (
			);
			runOnlyForDeploymentPostprocessing = 0;
		};
		836B29FD25148C7C0082DD67 /* Frameworks */ = {
			isa = PBXFrameworksBuildPhase;
			buildActionMask = 2147483647;
			files = (
			);
			runOnlyForDeploymentPostprocessing = 0;
		};
		836B2A0825148C7C0082DD67 /* Frameworks */ = {
			isa = PBXFrameworksBuildPhase;
			buildActionMask = 2147483647;
			files = (
			);
			runOnlyForDeploymentPostprocessing = 0;
		};
/* End PBXFrameworksBuildPhase section */

/* Begin PBXGroup section */
		836B29E125148C790082DD67 = {
			isa = PBXGroup;
			children = (
				836B29EC25148C790082DD67 /* tutorial1_rao_adarsh */,
				836B2A0325148C7C0082DD67 /* tutorial1_rao_adarshTests */,
				836B2A0E25148C7C0082DD67 /* tutorial1_rao_adarshUITests */,
				836B29EB25148C790082DD67 /* Products */,
			);
			sourceTree = "<group>";
		};
		836B29EB25148C790082DD67 /* Products */ = {
			isa = PBXGroup;
			children = (
				836B29EA25148C790082DD67 /* tutorial1_rao_adarsh.app */,
				836B2A0025148C7C0082DD67 /* tutorial1_rao_adarshTests.xctest */,
				836B2A0B25148C7C0082DD67 /* tutorial1_rao_adarshUITests.xctest */,
			);
			name = Products;
			sourceTree = "<group>";
		};
		836B29EC25148C790082DD67 /* tutorial1_rao_adarsh */ = {
			isa = PBXGroup;
			children = (
				836B29ED25148C790082DD67 /* AppDelegate.swift */,
				836B29EF25148C790082DD67 /* SceneDelegate.swift */,
				836B29F125148C790082DD67 /* ViewController.swift */,
				836B29F325148C790082DD67 /* Main.storyboard */,
				836B29F625148C7C0082DD67 /* Assets.xcassets */,
				836B29F825148C7C0082DD67 /* LaunchScreen.storyboard */,
				836B29FB25148C7C0082DD67 /* Info.plist */,
			);
			path = tutorial1_rao_adarsh;
			sourceTree = "<group>";
		};
		836B2A0325148C7C0082DD67 /* tutorial1_rao_adarshTests */ = {
			isa = PBXGroup;
			children = (
				836B2A0425148C7C0082DD67 /* tutorial1_rao_adarshTests.swift */,
				836B2A0625148C7C0082DD67 /* Info.plist */,
			);
			path = tutorial1_rao_adarshTests;
			sourceTree = "<group>";
		};
		836B2A0E25148C7C0082DD67 /* tutorial1_rao_adarshUITests */ = {
			isa = PBXGroup;
			children = (
				836B2A0F25148C7C0082DD67 /* tutorial1_rao_adarshUITests.swift */,
				836B2A1125148C7C0082DD67 /* Info.plist */,
			);
			path = tutorial1_rao_adarshUITests;
			sourceTree = "<group>";
		};
/* End PBXGroup section */

/* Begin PBXNativeTarget section */
		836B29E925148C790082DD67 /* tutorial1_rao_adarsh */ = {
			isa = PBXNativeTarget;
			buildConfigurationList = 836B2A1425148C7C0082DD67 /* Build configuration list for PBXNativeTarget "tutorial1_rao_adarsh" */;
			buildPhases = (
				836B29E625148C790082DD67 /* Sources */,
				836B29E725148C790082DD67 /* Frameworks */,
				836B29E825148C790082DD67 /* Resources */,
			);
			buildRules = (
			);
			dependencies = (
			);
			name = tutorial1_rao_adarsh;
			productName = tutorial1_rao_adarsh;
			productReference = 836B29EA25148C790082DD67 /* tutorial1_rao_adarsh.app */;
			productType = "com.apple.product-type.application";
		};
		836B29FF25148C7C0082DD67 /* tutorial1_rao_adarshTests */ = {
			isa = PBXNativeTarget;
			buildConfigurationList = 836B2A1725148C7C0082DD67 /* Build configuration list for PBXNativeTarget "tutorial1_rao_adarshTests" */;
			buildPhases = (
				836B29FC25148C7C0082DD67 /* Sources */,
				836B29FD25148C7C0082DD67 /* Frameworks */,
				836B29FE25148C7C0082DD67 /* Resources */,
			);
			buildRules = (
			);
			dependencies = (
				836B2A0225148C7C0082DD67 /* PBXTargetDependency */,
			);
			name = tutorial1_rao_adarshTests;
			productName = tutorial1_rao_adarshTests;
			productReference = 836B2A0025148C7C0082DD67 /* tutorial1_rao_adarshTests.xctest */;
			productType = "com.apple.product-type.bundle.unit-test";
		};
		836B2A0A25148C7C0082DD67 /* tutorial1_rao_adarshUITests */ = {
			isa = PBXNativeTarget;
			buildConfigurationList = 836B2A1A25148C7C0082DD67 /* Build configuration list for PBXNativeTarget "tutorial1_rao_adarshUITests" */;
			buildPhases = (
				836B2A0725148C7C0082DD67 /* Sources */,
				836B2A0825148C7C0082DD67 /* Frameworks */,
				836B2A0925148C7C0082DD67 /* Resources */,
			);
			buildRules = (
			);
			dependencies = (
				836B2A0D25148C7C0082DD67 /* PBXTargetDependency */,
			);
			name = tutorial1_rao_adarshUITests;
			productName = tutorial1_rao_adarshUITests;
			productReference = 836B2A0B25148C7C0082DD67 /* tutorial1_rao_adarshUITests.xctest */;
			productType = "com.apple.product-type.bundle.ui-testing";
		};
/* End PBXNativeTarget section */

/* Begin PBXProject section */
		836B29E225148C790082DD67 /* Project object */ = {
			isa = PBXProject;
			attributes = {
				LastSwiftUpdateCheck = 1130;
				LastUpgradeCheck = 1130;
				ORGANIZATIONNAME = "Adarsh Rao";
				TargetAttributes = {
					836B29E925148C790082DD67 = {
						CreatedOnToolsVersion = 11.3.1;
					};
					836B29FF25148C7C0082DD67 = {
						CreatedOnToolsVersion = 11.3.1;
						TestTargetID = 836B29E925148C790082DD67;
					};
					836B2A0A25148C7C0082DD67 = {
						CreatedOnToolsVersion = 11.3.1;
						TestTargetID = 836B29E925148C790082DD67;
					};
				};
			};
			buildConfigurationList = 836B29E525148C790082DD67 /* Build configuration list for PBXProject "tutorial1_rao_adarsh" */;
			compatibilityVersion = "Xcode 9.3";
			developmentRegion = en;
			hasScannedForEncodings = 0;
			knownRegions = (
				en,
				Base,
			);
			mainGroup = 836B29E125148C790082DD67;
			productRefGroup = 836B29EB25148C790082DD67 /* Products */;
			projectDirPath = "";
			projectRoot = "";
			targets = (
				836B29E925148C790082DD67 /* tutorial1_rao_adarsh */,
				836B29FF25148C7C0082DD67 /* tutorial1_rao_adarshTests */,
				836B2A0A25148C7C0082DD67 /* tutorial1_rao_adarshUITests */,
			);
		};
/* End PBXProject section */

/* Begin PBXResourcesBuildPhase section */
		836B29E825148C790082DD67 /* Resources */ = {
			isa = PBXResourcesBuildPhase;
			buildActionMask = 2147483647;
			files = (
				836B29FA25148C7C0082DD67 /* LaunchScreen.storyboard in Resources */,
				836B29F725148C7C0082DD67 /* Assets.xcassets in Resources */,
				836B29F525148C790082DD67 /* Main.storyboard in Resources */,
			);
			runOnlyForDeploymentPostprocessing = 0;
		};
		836B29FE25148C7C0082DD67 /* Resources */ = {
			isa = PBXResourcesBuildPhase;
			buildActionMask = 2147483647;
			files = (
			);
			runOnlyForDeploymentPostprocessing = 0;
		};
		836B2A0925148C7C0082DD67 /* Resources */ = {
			isa = PBXResourcesBuildPhase;
			buildActionMask = 2147483647;
			files = (
			);
			runOnlyForDeploymentPostprocessing = 0;
		};
/* End PBXResourcesBuildPhase section */

/* Begin PBXSourcesBuildPhase section */
		836B29E625148C790082DD67 /* Sources */ = {
			isa = PBXSourcesBuildPhase;
			buildActionMask = 2147483647;
			files = (
				836B29F225148C790082DD67 /* ViewController.swift in Sources */,
				836B29EE25148C790082DD67 /* AppDelegate.swift in Sources */,
				836B29F025148C790082DD67 /* SceneDelegate.swift in Sources */,
			);
			runOnlyForDeploymentPostprocessing = 0;
		};
		836B29FC25148C7C0082DD67 /* Sources */ = {
			isa = PBXSourcesBuildPhase;
			buildActionMask = 2147483647;
			files = (
				836B2A0525148C7C0082DD67 /* tutorial1_rao_adarshTests.swift in Sources */,
			);
			runOnlyForDeploymentPostprocessing = 0;
		};
		836B2A0725148C7C0082DD67 /* Sources */ = {
			isa = PBXSourcesBuildPhase;
			buildActionMask = 2147483647;
			files = (
				836B2A1025148C7C0082DD67 /* tutorial1_rao_adarshUITests.swift in Sources */,
			);
			runOnlyForDeploymentPostprocessing = 0;
		};
/* End PBXSourcesBuildPhase section */

/* Begin PBXTargetDependency section */
		836B2A0225148C7C0082DD67 /* PBXTargetDependency */ = {
			isa = PBXTargetDependency;
			target = 836B29E925148C790082DD67 /* tutorial1_rao_adarsh */;
			targetProxy = 836B2A0125148C7C0082DD67 /* PBXContainerItemProxy */;
		};
		836B2A0D25148C7C0082DD67 /* PBXTargetDependency */ = {
			isa = PBXTargetDependency;
			target = 836B29E925148C790082DD67 /* tutorial1_rao_adarsh */;
			targetProxy = 836B2A0C25148C7C0082DD67 /* PBXContainerItemProxy */;
		};
/* End PBXTargetDependency section */

/* Begin PBXVariantGroup section */
		836B29F325148C790082DD67 /* Main.storyboard */ = {
			isa = PBXVariantGroup;
			children = (
				836B29F425148C790082DD67 /* Base */,
			);
			name = Main.storyboard;
			sourceTree = "<group>";
		};
		836B29F825148C7C0082DD67 /* LaunchScreen.storyboard */ = {
			isa = PBXVariantGroup;
			children = (
				836B29F925148C7C0082DD67 /* Base */,
			);
			name = LaunchScreen.storyboard;
			sourceTree = "<group>";
		};
/* End PBXVariantGroup section */

/* Begin XCBuildConfiguration section */
		836B2A1225148C7C0082DD67 /* Debug */ = {
			isa = XCBuildConfiguration;
			buildSettings = {
				ALWAYS_SEARCH_USER_PATHS = NO;
				CLANG_ANALYZER_NONNULL = YES;
				CLANG_ANALYZER_NUMBER_OBJECT_CONVERSION = YES_AGGRESSIVE;
				CLANG_CXX_LANGUAGE_STANDARD = "gnu++14";
				CLANG_CXX_LIBRARY = "libc++";
				CLANG_ENABLE_MODULES = YES;
				CLANG_ENABLE_OBJC_ARC = YES;
				CLANG_ENABLE_OBJC_WEAK = YES;
				CLANG_WARN_BLOCK_CAPTURE_AUTORELEASING = YES;
				CLANG_WARN_BOOL_CONVERSION = YES;
				CLANG_WARN_COMMA = YES;
				CLANG_WARN_CONSTANT_CONVERSION = YES;
				CLANG_WARN_DEPRECATED_OBJC_IMPLEMENTATIONS = YES;
				CLANG_WARN_DIRECT_OBJC_ISA_USAGE = YES_ERROR;
				CLANG_WARN_DOCUMENTATION_COMMENTS = YES;
				CLANG_WARN_EMPTY_BODY = YES;
				CLANG_WARN_ENUM_CONVERSION = YES;
				CLANG_WARN_INFINITE_RECURSION = YES;
				CLANG_WARN_INT_CONVERSION = YES;
				CLANG_WARN_NON_LITERAL_NULL_CONVERSION = YES;
				CLANG_WARN_OBJC_IMPLICIT_RETAIN_SELF = YES;
				CLANG_WARN_OBJC_LITERAL_CONVERSION = YES;
				CLANG_WARN_OBJC_ROOT_CLASS = YES_ERROR;
				CLANG_WARN_RANGE_LOOP_ANALYSIS = YES;
				CLANG_WARN_STRICT_PROTOTYPES = YES;
				CLANG_WARN_SUSPICIOUS_MOVE = YES;
				CLANG_WARN_UNGUARDED_AVAILABILITY = YES_AGGRESSIVE;
				CLANG_WARN_UNREACHABLE_CODE = YES;
				CLANG_WARN__DUPLICATE_METHOD_MATCH = YES;
				COPY_PHASE_STRIP = NO;
				DEBUG_INFORMATION_FORMAT = dwarf;
				ENABLE_STRICT_OBJC_MSGSEND = YES;
				ENABLE_TESTABILITY = YES;
				GCC_C_LANGUAGE_STANDARD = gnu11;
				GCC_DYNAMIC_NO_PIC = NO;
				GCC_NO_COMMON_BLOCKS = YES;
				GCC_OPTIMIZATION_LEVEL = 0;
				GCC_PREPROCESSOR_DEFINITIONS = (
					"DEBUG=1",
					"$(inherited)",
				);
				GCC_WARN_64_TO_32_BIT_CONVERSION = YES;
				GCC_WARN_ABOUT_RETURN_TYPE = YES_ERROR;
				GCC_WARN_UNDECLARED_SELECTOR = YES;
				GCC_WARN_UNINITIALIZED_AUTOS = YES_AGGRESSIVE;
				GCC_WARN_UNUSED_FUNCTION = YES;
				GCC_WARN_UNUSED_VARIABLE = YES;
				IPHONEOS_DEPLOYMENT_TARGET = 13.2;
				MTL_ENABLE_DEBUG_INFO = INCLUDE_SOURCE;
				MTL_FAST_MATH = YES;
				ONLY_ACTIVE_ARCH = YES;
				SDKROOT = iphoneos;
				SWIFT_ACTIVE_COMPILATION_CONDITIONS = DEBUG;
				SWIFT_OPTIMIZATION_LEVEL = "-Onone";
			};
			name = Debug;
		};
		836B2A1325148C7C0082DD67 /* Release */ = {
			isa = XCBuildConfiguration;
			buildSettings = {
				ALWAYS_SEARCH_USER_PATHS = NO;
				CLANG_ANALYZER_NONNULL = YES;
				CLANG_ANALYZER_NUMBER_OBJECT_CONVERSION = YES_AGGRESSIVE;
				CLANG_CXX_LANGUAGE_STANDARD = "gnu++14";
				CLANG_CXX_LIBRARY = "libc++";
				CLANG_ENABLE_MODULES = YES;
				CLANG_ENABLE_OBJC_ARC = YES;
				CLANG_ENABLE_OBJC_WEAK = YES;
				CLANG_WARN_BLOCK_CAPTURE_AUTORELEASING = YES;
				CLANG_WARN_BOOL_CONVERSION = YES;
				CLANG_WARN_COMMA = YES;
				CLANG_WARN_CONSTANT_CONVERSION = YES;
				CLANG_WARN_DEPRECATED_OBJC_IMPLEMENTATIONS = YES;
				CLANG_WARN_DIRECT_OBJC_ISA_USAGE = YES_ERROR;
				CLANG_WARN_DOCUMENTATION_COMMENTS = YES;
				CLANG_WARN_EMPTY_BODY = YES;
				CLANG_WARN_ENUM_CONVERSION = YES;
				CLANG_WARN_INFINITE_RECURSION = YES;
				CLANG_WARN_INT_CONVERSION = YES;
				CLANG_WARN_NON_LITERAL_NULL_CONVERSION = YES;
				CLANG_WARN_OBJC_IMPLICIT_RETAIN_SELF = YES;
				CLANG_WARN_OBJC_LITERAL_CONVERSION = YES;
				CLANG_WARN_OBJC_ROOT_CLASS = YES_ERROR;
				CLANG_WARN_RANGE_LOOP_ANALYSIS = YES;
				CLANG_WARN_STRICT_PROTOTYPES = YES;
				CLANG_WARN_SUSPICIOUS_MOVE = YES;
				CLANG_WARN_UNGUARDED_AVAILABILITY = YES_AGGRESSIVE;
				CLANG_WARN_UNREACHABLE_CODE = YES;
				CLANG_WARN__DUPLICATE_METHOD_MATCH = YES;
				COPY_PHASE_STRIP = NO;
				DEBUG_INFORMATION_FORMAT = "dwarf-with-dsym";
				ENABLE_NS_ASSERTIONS = NO;
				ENABLE_STRICT_OBJC_MSGSEND = YES;
				GCC_C_LANGUAGE_STANDARD = gnu11;
				GCC_NO_COMMON_BLOCKS = YES;
				GCC_WARN_64_TO_32_BIT_CONVERSION = YES;
				GCC_WARN_ABOUT_RETURN_TYPE = YES_ERROR;
				GCC_WARN_UNDECLARED_SELECTOR = YES;
				GCC_WARN_UNINITIALIZED_AUTOS = YES_AGGRESSIVE;
				GCC_WARN_UNUSED_FUNCTION = YES;
				GCC_WARN_UNUSED_VARIABLE = YES;
				IPHONEOS_DEPLOYMENT_TARGET = 13.2;
				MTL_ENABLE_DEBUG_INFO = NO;
				MTL_FAST_MATH = YES;
				SDKROOT = iphoneos;
				SWIFT_COMPILATION_MODE = wholemodule;
				SWIFT_OPTIMIZATION_LEVEL = "-O";
				VALIDATE_PRODUCT = YES;
			};
			name = Release;
		};
		836B2A1525148C7C0082DD67 /* Debug */ = {
			isa = XCBuildConfiguration;
			buildSettings = {
				ASSETCATALOG_COMPILER_APPICON_NAME = AppIcon;
				CODE_SIGN_STYLE = Automatic;
				INFOPLIST_FILE = tutorial1_rao_adarsh/Info.plist;
				LD_RUNPATH_SEARCH_PATHS = (
					"$(inherited)",
					"@executable_path/Frameworks",
				);
				PRODUCT_BUNDLE_IDENTIFIER = "adarshr.tutorial1-rao-adarsh";
				PRODUCT_NAME = "$(TARGET_NAME)";
				SWIFT_VERSION = 5.0;
				TARGETED_DEVICE_FAMILY = "1,2";
			};
			name = Debug;
		};
		836B2A1625148C7C0082DD67 /* Release */ = {
			isa = XCBuildConfiguration;
			buildSettings = {
				ASSETCATALOG_COMPILER_APPICON_NAME = AppIcon;
				CODE_SIGN_STYLE = Automatic;
				INFOPLIST_FILE = tutorial1_rao_adarsh/Info.plist;
				LD_RUNPATH_SEARCH_PATHS = (
					"$(inherited)",
					"@executable_path/Frameworks",
				);
				PRODUCT_BUNDLE_IDENTIFIER = "adarshr.tutorial1-rao-adarsh";
				PRODUCT_NAME = "$(TARGET_NAME)";
				SWIFT_VERSION = 5.0;
				TARGETED_DEVICE_FAMILY = "1,2";
			};
			name = Release;
		};
		836B2A1825148C7C0082DD67 /* Debug */ = {
			isa = XCBuildConfiguration;
			buildSettings = {
				ALWAYS_EMBED_SWIFT_STANDARD_LIBRARIES = YES;
				BUNDLE_LOADER = "$(TEST_HOST)";
				CODE_SIGN_STYLE = Automatic;
				INFOPLIST_FILE = tutorial1_rao_adarshTests/Info.plist;
				IPHONEOS_DEPLOYMENT_TARGET = 13.2;
				LD_RUNPATH_SEARCH_PATHS = (
					"$(inherited)",
					"@executable_path/Frameworks",
					"@loader_path/Frameworks",
				);
				PRODUCT_BUNDLE_IDENTIFIER = "adarshr.tutorial1-rao-adarshTests";
				PRODUCT_NAME = "$(TARGET_NAME)";
				SWIFT_VERSION = 5.0;
				TARGETED_DEVICE_FAMILY = "1,2";
				TEST_HOST = "$(BUILT_PRODUCTS_DIR)/tutorial1_rao_adarsh.app/tutorial1_rao_adarsh";
			};
			name = Debug;
		};
		836B2A1925148C7C0082DD67 /* Release */ = {
			isa = XCBuildConfiguration;
			buildSettings = {
				ALWAYS_EMBED_SWIFT_STANDARD_LIBRARIES = YES;
				BUNDLE_LOADER = "$(TEST_HOST)";
				CODE_SIGN_STYLE = Automatic;
				INFOPLIST_FILE = tutorial1_rao_adarshTests/Info.plist;
				IPHONEOS_DEPLOYMENT_TARGET = 13.2;
				LD_RUNPATH_SEARCH_PATHS = (
					"$(inherited)",
					"@executable_path/Frameworks",
					"@loader_path/Frameworks",
				);
				PRODUCT_BUNDLE_IDENTIFIER = "adarshr.tutorial1-rao-adarshTests";
				PRODUCT_NAME = "$(TARGET_NAME)";
				SWIFT_VERSION = 5.0;
				TARGETED_DEVICE_FAMILY = "1,2";
				TEST_HOST = "$(BUILT_PRODUCTS_DIR)/tutorial1_rao_adarsh.app/tutorial1_rao_adarsh";
			};
			name = Release;
		};
		836B2A1B25148C7C0082DD67 /* Debug */ = {
			isa = XCBuildConfiguration;
			buildSettings = {
				ALWAYS_EMBED_SWIFT_STANDARD_LIBRARIES = YES;
				CODE_SIGN_STYLE = Automatic;
				INFOPLIST_FILE = tutorial1_rao_adarshUITests/Info.plist;
				LD_RUNPATH_SEARCH_PATHS = (
					"$(inherited)",
					"@executable_path/Frameworks",
					"@loader_path/Frameworks",
				);
				PRODUCT_BUNDLE_IDENTIFIER = "adarshr.tutorial1-rao-adarshUITests";
				PRODUCT_NAME = "$(TARGET_NAME)";
				SWIFT_VERSION = 5.0;
				TARGETED_DEVICE_FAMILY = "1,2";
				TEST_TARGET_NAME = tutorial1_rao_adarsh;
			};
			name = Debug;
		};
		836B2A1C25148C7C0082DD67 /* Release */ = {
			isa = XCBuildConfiguration;
			buildSettings = {
				ALWAYS_EMBED_SWIFT_STANDARD_LIBRARIES = YES;
				CODE_SIGN_STYLE = Automatic;
				INFOPLIST_FILE = tutorial1_rao_adarshUITests/Info.plist;
				LD_RUNPATH_SEARCH_PATHS = (
					"$(inherited)",
					"@executable_path/Frameworks",
					"@loader_path/Frameworks",
				);
				PRODUCT_BUNDLE_IDENTIFIER = "adarshr.tutorial1-rao-adarshUITests";
				PRODUCT_NAME = "$(TARGET_NAME)";
				SWIFT_VERSION = 5.0;
				TARGETED_DEVICE_FAMILY = "1,2";
				TEST_TARGET_NAME = tutorial1_rao_adarsh;
			};
			name = Release;
		};
/* End XCBuildConfiguration section */

/* Begin XCConfigurationList section */
		836B29E525148C790082DD67 /* Build configuration list for PBXProject "tutorial1_rao_adarsh" */ = {
			isa = XCConfigurationList;
			buildConfigurations = (
				836B2A1225148C7C0082DD67 /* Debug */,
				836B2A1325148C7C0082DD67 /* Release */,
			);
			defaultConfigurationIsVisible = 0;
			defaultConfigurationName = Release;
		};
		836B2A1425148C7C0082DD67 /* Build configuration list for PBXNativeTarget "tutorial1_rao_adarsh" */ = {
			isa = XCConfigurationList;
			buildConfigurations = (
				836B2A1525148C7C0082DD67 /* Debug */,
				836B2A1625148C7C0082DD67 /* Release */,
			);
			defaultConfigurationIsVisible = 0;
			defaultConfigurationName = Release;
		};
		836B2A1725148C7C0082DD67 /* Build configuration list for PBXNativeTarget "tutorial1_rao_adarshTests" */ = {
			isa = XCConfigurationList;
			buildConfigurations = (
				836B2A1825148C7C0082DD67 /* Debug */,
				836B2A1925148C7C0082DD67 /* Release */,
			);
			defaultConfigurationIsVisible = 0;
			defaultConfigurationName = Release;
		};
		836B2A1A25148C7C0082DD67 /* Build configuration list for PBXNativeTarget "tutorial1_rao_adarshUITests" */ = {
			isa = XCConfigurationList;
			buildConfigurations = (
				836B2A1B25148C7C0082DD67 /* Debug */,
				836B2A1C25148C7C0082DD67 /* Release */,
			);
			defaultConfigurationIsVisible = 0;
			defaultConfigurationName = Release;
		};
/* End XCConfigurationList section */
	};
	rootObject = 836B29E225148C790082DD67 /* Project object */;
}
