// !$*UTF8*$!
{
	archiveVersion = 1;
	classes = {
	};
	objectVersion = 50;
	objects = {

/* Begin PBXBuildFile section */
		83A9E40F2539DFD300D14C89 /* AppDelegate.swift in Sources */ = {isa = PBXBuildFile; fileRef = 83A9E40E2539DFD300D14C89 /* AppDelegate.swift */; };
		83A9E4112539DFD300D14C89 /* SceneDelegate.swift in Sources */ = {isa = PBXBuildFile; fileRef = 83A9E4102539DFD300D14C89 /* SceneDelegate.swift */; };
		83A9E4162539DFD300D14C89 /* Main.storyboard in Resources */ = {isa = PBXBuildFile; fileRef = 83A9E4142539DFD300D14C89 /* Main.storyboard */; };
		83A9E4182539DFD900D14C89 /* Assets.xcassets in Resources */ = {isa = PBXBuildFile; fileRef = 83A9E4172539DFD900D14C89 /* Assets.xcassets */; };
		83A9E41B2539DFD900D14C89 /* LaunchScreen.storyboard in Resources */ = {isa = PBXBuildFile; fileRef = 83A9E4192539DFD900D14C89 /* LaunchScreen.storyboard */; };
		83A9E4262539DFD900D14C89 /* app5_adarsh_raoTests.swift in Sources */ = {isa = PBXBuildFile; fileRef = 83A9E4252539DFD900D14C89 /* app5_adarsh_raoTests.swift */; };
		83A9E4312539DFD900D14C89 /* app5_adarsh_raoUITests.swift in Sources */ = {isa = PBXBuildFile; fileRef = 83A9E4302539DFD900D14C89 /* app5_adarsh_raoUITests.swift */; };
		83A9E43F2539E5D100D14C89 /* ContactsTableViewController.swift in Sources */ = {isa = PBXBuildFile; fileRef = 83A9E43E2539E5D100D14C89 /* ContactsTableViewController.swift */; };
		83A9E4412539E60D00D14C89 /* DetailViewController.swift in Sources */ = {isa = PBXBuildFile; fileRef = 83A9E4402539E60D00D14C89 /* DetailViewController.swift */; };
		83A9E4432539E6BC00D14C89 /* AddContactViewController.swift in Sources */ = {isa = PBXBuildFile; fileRef = 83A9E4422539E6BC00D14C89 /* AddContactViewController.swift */; };
		83A9E4452539EF5C00D14C89 /* ContactItem.swift in Sources */ = {isa = PBXBuildFile; fileRef = 83A9E4442539EF5C00D14C89 /* ContactItem.swift */; };
/* End PBXBuildFile section */

/* Begin PBXContainerItemProxy section */
		83A9E4222539DFD900D14C89 /* PBXContainerItemProxy */ = {
			isa = PBXContainerItemProxy;
			containerPortal = 83A9E4032539DFD300D14C89 /* Project object */;
			proxyType = 1;
			remoteGlobalIDString = 83A9E40A2539DFD300D14C89;
			remoteInfo = app5_adarsh_rao;
		};
		83A9E42D2539DFD900D14C89 /* PBXContainerItemProxy */ = {
			isa = PBXContainerItemProxy;
			containerPortal = 83A9E4032539DFD300D14C89 /* Project object */;
			proxyType = 1;
			remoteGlobalIDString = 83A9E40A2539DFD300D14C89;
			remoteInfo = app5_adarsh_rao;
		};
/* End PBXContainerItemProxy section */

/* Begin PBXFileReference section */
		83A9E40B2539DFD300D14C89 /* app5_adarsh_rao.app */ = {isa = PBXFileReference; explicitFileType = wrapper.application; includeInIndex = 0; path = app5_adarsh_rao.app; sourceTree = BUILT_PRODUCTS_DIR; };
		83A9E40E2539DFD300D14C89 /* AppDelegate.swift */ = {isa = PBXFileReference; lastKnownFileType = sourcecode.swift; path = AppDelegate.swift; sourceTree = "<group>"; };
		83A9E4102539DFD300D14C89 /* SceneDelegate.swift */ = {isa = PBXFileReference; lastKnownFileType = sourcecode.swift; path = SceneDelegate.swift; sourceTree = "<group>"; };
		83A9E4152539DFD300D14C89 /* Base */ = {isa = PBXFileReference; lastKnownFileType = file.storyboard; name = Base; path = Base.lproj/Main.storyboard; sourceTree = "<group>"; };
		83A9E4172539DFD900D14C89 /* Assets.xcassets */ = {isa = PBXFileReference; lastKnownFileType = folder.assetcatalog; path = Assets.xcassets; sourceTree = "<group>"; };
		83A9E41A2539DFD900D14C89 /* Base */ = {isa = PBXFileReference; lastKnownFileType = file.storyboard; name = Base; path = Base.lproj/LaunchScreen.storyboard; sourceTree = "<group>"; };
		83A9E41C2539DFD900D14C89 /* Info.plist */ = {isa = PBXFileReference; lastKnownFileType = text.plist.xml; path = Info.plist; sourceTree = "<group>"; };
		83A9E4212539DFD900D14C89 /* app5_adarsh_raoTests.xctest */ = {isa = PBXFileReference; explicitFileType = wrapper.cfbundle; includeInIndex = 0; path = app5_adarsh_raoTests.xctest; sourceTree = BUILT_PRODUCTS_DIR; };
		83A9E4252539DFD900D14C89 /* app5_adarsh_raoTests.swift */ = {isa = PBXFileReference; lastKnownFileType = sourcecode.swift; path = app5_adarsh_raoTests.swift; sourceTree = "<group>"; };
		83A9E4272539DFD900D14C89 /* Info.plist */ = {isa = PBXFileReference; lastKnownFileType = text.plist.xml; path = Info.plist; sourceTree = "<group>"; };
		83A9E42C2539DFD900D14C89 /* app5_adarsh_raoUITests.xctest */ = {isa = PBXFileReference; explicitFileType = wrapper.cfbundle; includeInIndex = 0; path = app5_adarsh_raoUITests.xctest; sourceTree = BUILT_PRODUCTS_DIR; };
		83A9E4302539DFD900D14C89 /* app5_adarsh_raoUITests.swift */ = {isa = PBXFileReference; lastKnownFileType = sourcecode.swift; path = app5_adarsh_raoUITests.swift; sourceTree = "<group>"; };
		83A9E4322539DFD900D14C89 /* Info.plist */ = {isa = PBXFileReference; lastKnownFileType = text.plist.xml; path = Info.plist; sourceTree = "<group>"; };
		83A9E43E2539E5D100D14C89 /* ContactsTableViewController.swift */ = {isa = PBXFileReference; lastKnownFileType = sourcecode.swift; path = ContactsTableViewController.swift; sourceTree = "<group>"; };
		83A9E4402539E60D00D14C89 /* DetailViewController.swift */ = {isa = PBXFileReference; lastKnownFileType = sourcecode.swift; path = DetailViewController.swift; sourceTree = "<group>"; };
		83A9E4422539E6BC00D14C89 /* AddContactViewController.swift */ = {isa = PBXFileReference; lastKnownFileType = sourcecode.swift; path = AddContactViewController.swift; sourceTree = "<group>"; };
		83A9E4442539EF5C00D14C89 /* ContactItem.swift */ = {isa = PBXFileReference; lastKnownFileType = sourcecode.swift; path = ContactItem.swift; sourceTree = "<group>"; };
/* End PBXFileReference section */

/* Begin PBXFrameworksBuildPhase section */
		83A9E4082539DFD300D14C89 /* Frameworks */ = {
			isa = PBXFrameworksBuildPhase;
			buildActionMask = 2147483647;
			files = (
			);
			runOnlyForDeploymentPostprocessing = 0;
		};
		83A9E41E2539DFD900D14C89 /* Frameworks */ = {
			isa = PBXFrameworksBuildPhase;
			buildActionMask = 2147483647;
			files = (
			);
			runOnlyForDeploymentPostprocessing = 0;
		};
		83A9E4292539DFD900D14C89 /* Frameworks */ = {
			isa = PBXFrameworksBuildPhase;
			buildActionMask = 2147483647;
			files = (
			);
			runOnlyForDeploymentPostprocessing = 0;
		};
/* End PBXFrameworksBuildPhase section */

/* Begin PBXGroup section */
		83A9E4022539DFD300D14C89 = {
			isa = PBXGroup;
			children = (
				83A9E40D2539DFD300D14C89 /* app5_adarsh_rao */,
				83A9E4242539DFD900D14C89 /* app5_adarsh_raoTests */,
				83A9E42F2539DFD900D14C89 /* app5_adarsh_raoUITests */,
				83A9E40C2539DFD300D14C89 /* Products */,
			);
			sourceTree = "<group>";
		};
		83A9E40C2539DFD300D14C89 /* Products */ = {
			isa = PBXGroup;
			children = (
				83A9E40B2539DFD300D14C89 /* app5_adarsh_rao.app */,
				83A9E4212539DFD900D14C89 /* app5_adarsh_raoTests.xctest */,
				83A9E42C2539DFD900D14C89 /* app5_adarsh_raoUITests.xctest */,
			);
			name = Products;
			sourceTree = "<group>";
		};
		83A9E40D2539DFD300D14C89 /* app5_adarsh_rao */ = {
			isa = PBXGroup;
			children = (
				83A9E40E2539DFD300D14C89 /* AppDelegate.swift */,
				83A9E4102539DFD300D14C89 /* SceneDelegate.swift */,
				83A9E4142539DFD300D14C89 /* Main.storyboard */,
				83A9E43E2539E5D100D14C89 /* ContactsTableViewController.swift */,
				83A9E4422539E6BC00D14C89 /* AddContactViewController.swift */,
				83A9E4442539EF5C00D14C89 /* ContactItem.swift */,
				83A9E4402539E60D00D14C89 /* DetailViewController.swift */,
				83A9E4172539DFD900D14C89 /* Assets.xcassets */,
				83A9E4192539DFD900D14C89 /* LaunchScreen.storyboard */,
				83A9E41C2539DFD900D14C89 /* Info.plist */,
			);
			path = app5_adarsh_rao;
			sourceTree = "<group>";
		};
		83A9E4242539DFD900D14C89 /* app5_adarsh_raoTests */ = {
			isa = PBXGroup;
			children = (
				83A9E4252539DFD900D14C89 /* app5_adarsh_raoTests.swift */,
				83A9E4272539DFD900D14C89 /* Info.plist */,
			);
			path = app5_adarsh_raoTests;
			sourceTree = "<group>";
		};
		83A9E42F2539DFD900D14C89 /* app5_adarsh_raoUITests */ = {
			isa = PBXGroup;
			children = (
				83A9E4302539DFD900D14C89 /* app5_adarsh_raoUITests.swift */,
				83A9E4322539DFD900D14C89 /* Info.plist */,
			);
			path = app5_adarsh_raoUITests;
			sourceTree = "<group>";
		};
/* End PBXGroup section */

/* Begin PBXNativeTarget section */
		83A9E40A2539DFD300D14C89 /* app5_adarsh_rao */ = {
			isa = PBXNativeTarget;
			buildConfigurationList = 83A9E4352539DFD900D14C89 /* Build configuration list for PBXNativeTarget "app5_adarsh_rao" */;
			buildPhases = (
				83A9E4072539DFD300D14C89 /* Sources */,
				83A9E4082539DFD300D14C89 /* Frameworks */,
				83A9E4092539DFD300D14C89 /* Resources */,
			);
			buildRules = (
			);
			dependencies = (
			);
			name = app5_adarsh_rao;
			productName = app5_adarsh_rao;
			productReference = 83A9E40B2539DFD300D14C89 /* app5_adarsh_rao.app */;
			productType = "com.apple.product-type.application";
		};
		83A9E4202539DFD900D14C89 /* app5_adarsh_raoTests */ = {
			isa = PBXNativeTarget;
			buildConfigurationList = 83A9E4382539DFD900D14C89 /* Build configuration list for PBXNativeTarget "app5_adarsh_raoTests" */;
			buildPhases = (
				83A9E41D2539DFD900D14C89 /* Sources */,
				83A9E41E2539DFD900D14C89 /* Frameworks */,
				83A9E41F2539DFD900D14C89 /* Resources */,
			);
			buildRules = (
			);
			dependencies = (
				83A9E4232539DFD900D14C89 /* PBXTargetDependency */,
			);
			name = app5_adarsh_raoTests;
			productName = app5_adarsh_raoTests;
			productReference = 83A9E4212539DFD900D14C89 /* app5_adarsh_raoTests.xctest */;
			productType = "com.apple.product-type.bundle.unit-test";
		};
		83A9E42B2539DFD900D14C89 /* app5_adarsh_raoUITests */ = {
			isa = PBXNativeTarget;
			buildConfigurationList = 83A9E43B2539DFD900D14C89 /* Build configuration list for PBXNativeTarget "app5_adarsh_raoUITests" */;
			buildPhases = (
				83A9E4282539DFD900D14C89 /* Sources */,
				83A9E4292539DFD900D14C89 /* Frameworks */,
				83A9E42A2539DFD900D14C89 /* Resources */,
			);
			buildRules = (
			);
			dependencies = (
				83A9E42E2539DFD900D14C89 /* PBXTargetDependency */,
			);
			name = app5_adarsh_raoUITests;
			productName = app5_adarsh_raoUITests;
			productReference = 83A9E42C2539DFD900D14C89 /* app5_adarsh_raoUITests.xctest */;
			productType = "com.apple.product-type.bundle.ui-testing";
		};
/* End PBXNativeTarget section */

/* Begin PBXProject section */
		83A9E4032539DFD300D14C89 /* Project object */ = {
			isa = PBXProject;
			attributes = {
				LastSwiftUpdateCheck = 1130;
				LastUpgradeCheck = 1130;
				ORGANIZATIONNAME = "Adarsh Rao";
				TargetAttributes = {
					83A9E40A2539DFD300D14C89 = {
						CreatedOnToolsVersion = 11.3.1;
					};
					83A9E4202539DFD900D14C89 = {
						CreatedOnToolsVersion = 11.3.1;
						TestTargetID = 83A9E40A2539DFD300D14C89;
					};
					83A9E42B2539DFD900D14C89 = {
						CreatedOnToolsVersion = 11.3.1;
						TestTargetID = 83A9E40A2539DFD300D14C89;
					};
				};
			};
			buildConfigurationList = 83A9E4062539DFD300D14C89 /* Build configuration list for PBXProject "app5_adarsh_rao" */;
			compatibilityVersion = "Xcode 9.3";
			developmentRegion = en;
			hasScannedForEncodings = 0;
			knownRegions = (
				en,
				Base,
			);
			mainGroup = 83A9E4022539DFD300D14C89;
			productRefGroup = 83A9E40C2539DFD300D14C89 /* Products */;
			projectDirPath = "";
			projectRoot = "";
			targets = (
				83A9E40A2539DFD300D14C89 /* app5_adarsh_rao */,
				83A9E4202539DFD900D14C89 /* app5_adarsh_raoTests */,
				83A9E42B2539DFD900D14C89 /* app5_adarsh_raoUITests */,
			);
		};
/* End PBXProject section */

/* Begin PBXResourcesBuildPhase section */
		83A9E4092539DFD300D14C89 /* Resources */ = {
			isa = PBXResourcesBuildPhase;
			buildActionMask = 2147483647;
			files = (
				83A9E41B2539DFD900D14C89 /* LaunchScreen.storyboard in Resources */,
				83A9E4182539DFD900D14C89 /* Assets.xcassets in Resources */,
				83A9E4162539DFD300D14C89 /* Main.storyboard in Resources */,
			);
			runOnlyForDeploymentPostprocessing = 0;
		};
		83A9E41F2539DFD900D14C89 /* Resources */ = {
			isa = PBXResourcesBuildPhase;
			buildActionMask = 2147483647;
			files = (
			);
			runOnlyForDeploymentPostprocessing = 0;
		};
		83A9E42A2539DFD900D14C89 /* Resources */ = {
			isa = PBXResourcesBuildPhase;
			buildActionMask = 2147483647;
			files = (
			);
			runOnlyForDeploymentPostprocessing = 0;
		};
/* End PBXResourcesBuildPhase section */

/* Begin PBXSourcesBuildPhase section */
		83A9E4072539DFD300D14C89 /* Sources */ = {
			isa = PBXSourcesBuildPhase;
			buildActionMask = 2147483647;
			files = (
				83A9E40F2539DFD300D14C89 /* AppDelegate.swift in Sources */,
				83A9E4412539E60D00D14C89 /* DetailViewController.swift in Sources */,
				83A9E4432539E6BC00D14C89 /* AddContactViewController.swift in Sources */,
				83A9E4452539EF5C00D14C89 /* ContactItem.swift in Sources */,
				83A9E43F2539E5D100D14C89 /* ContactsTableViewController.swift in Sources */,
				83A9E4112539DFD300D14C89 /* SceneDelegate.swift in Sources */,
			);
			runOnlyForDeploymentPostprocessing = 0;
		};
		83A9E41D2539DFD900D14C89 /* Sources */ = {
			isa = PBXSourcesBuildPhase;
			buildActionMask = 2147483647;
			files = (
				83A9E4262539DFD900D14C89 /* app5_adarsh_raoTests.swift in Sources */,
			);
			runOnlyForDeploymentPostprocessing = 0;
		};
		83A9E4282539DFD900D14C89 /* Sources */ = {
			isa = PBXSourcesBuildPhase;
			buildActionMask = 2147483647;
			files = (
				83A9E4312539DFD900D14C89 /* app5_adarsh_raoUITests.swift in Sources */,
			);
			runOnlyForDeploymentPostprocessing = 0;
		};
/* End PBXSourcesBuildPhase section */

/* Begin PBXTargetDependency section */
		83A9E4232539DFD900D14C89 /* PBXTargetDependency */ = {
			isa = PBXTargetDependency;
			target = 83A9E40A2539DFD300D14C89 /* app5_adarsh_rao */;
			targetProxy = 83A9E4222539DFD900D14C89 /* PBXContainerItemProxy */;
		};
		83A9E42E2539DFD900D14C89 /* PBXTargetDependency */ = {
			isa = PBXTargetDependency;
			target = 83A9E40A2539DFD300D14C89 /* app5_adarsh_rao */;
			targetProxy = 83A9E42D2539DFD900D14C89 /* PBXContainerItemProxy */;
		};
/* End PBXTargetDependency section */

/* Begin PBXVariantGroup section */
		83A9E4142539DFD300D14C89 /* Main.storyboard */ = {
			isa = PBXVariantGroup;
			children = (
				83A9E4152539DFD300D14C89 /* Base */,
			);
			name = Main.storyboard;
			sourceTree = "<group>";
		};
		83A9E4192539DFD900D14C89 /* LaunchScreen.storyboard */ = {
			isa = PBXVariantGroup;
			children = (
				83A9E41A2539DFD900D14C89 /* Base */,
			);
			name = LaunchScreen.storyboard;
			sourceTree = "<group>";
		};
/* End PBXVariantGroup section */

/* Begin XCBuildConfiguration section */
		83A9E4332539DFD900D14C89 /* Debug */ = {
			isa = XCBuildConfiguration;
			buildSettings = {
				ALWAYS_SEARCH_USER_PATHS = NO;
				CLANG_ANALYZER_NONNULL = YES;
				CLANG_ANALYZER_NUMBER_OBJECT_CONVERSION = YES_AGGRESSIVE;
				CLANG_CXX_LANGUAGE_STANDARD = "gnu++14";
				CLANG_CXX_LIBRARY = "libc++";
				CLANG_ENABLE_MODULES = YES;
				CLANG_ENABLE_OBJC_ARC = YES;
				CLANG_ENABLE_OBJC_WEAK = YES;
				CLANG_WARN_BLOCK_CAPTURE_AUTORELEASING = YES;
				CLANG_WARN_BOOL_CONVERSION = YES;
				CLANG_WARN_COMMA = YES;
				CLANG_WARN_CONSTANT_CONVERSION = YES;
				CLANG_WARN_DEPRECATED_OBJC_IMPLEMENTATIONS = YES;
				CLANG_WARN_DIRECT_OBJC_ISA_USAGE = YES_ERROR;
				CLANG_WARN_DOCUMENTATION_COMMENTS = YES;
				CLANG_WARN_EMPTY_BODY = YES;
				CLANG_WARN_ENUM_CONVERSION = YES;
				CLANG_WARN_INFINITE_RECURSION = YES;
				CLANG_WARN_INT_CONVERSION = YES;
				CLANG_WARN_NON_LITERAL_NULL_CONVERSION = YES;
				CLANG_WARN_OBJC_IMPLICIT_RETAIN_SELF = YES;
				CLANG_WARN_OBJC_LITERAL_CONVERSION = YES;
				CLANG_WARN_OBJC_ROOT_CLASS = YES_ERROR;
				CLANG_WARN_RANGE_LOOP_ANALYSIS = YES;
				CLANG_WARN_STRICT_PROTOTYPES = YES;
				CLANG_WARN_SUSPICIOUS_MOVE = YES;
				CLANG_WARN_UNGUARDED_AVAILABILITY = YES_AGGRESSIVE;
				CLANG_WARN_UNREACHABLE_CODE = YES;
				CLANG_WARN__DUPLICATE_METHOD_MATCH = YES;
				COPY_PHASE_STRIP = NO;
				DEBUG_INFORMATION_FORMAT = dwarf;
				ENABLE_STRICT_OBJC_MSGSEND = YES;
				ENABLE_TESTABILITY = YES;
				GCC_C_LANGUAGE_STANDARD = gnu11;
				GCC_DYNAMIC_NO_PIC = NO;
				GCC_NO_COMMON_BLOCKS = YES;
				GCC_OPTIMIZATION_LEVEL = 0;
				GCC_PREPROCESSOR_DEFINITIONS = (
					"DEBUG=1",
					"$(inherited)",
				);
				GCC_WARN_64_TO_32_BIT_CONVERSION = YES;
				GCC_WARN_ABOUT_RETURN_TYPE = YES_ERROR;
				GCC_WARN_UNDECLARED_SELECTOR = YES;
				GCC_WARN_UNINITIALIZED_AUTOS = YES_AGGRESSIVE;
				GCC_WARN_UNUSED_FUNCTION = YES;
				GCC_WARN_UNUSED_VARIABLE = YES;
				IPHONEOS_DEPLOYMENT_TARGET = 13.2;
				MTL_ENABLE_DEBUG_INFO = INCLUDE_SOURCE;
				MTL_FAST_MATH = YES;
				ONLY_ACTIVE_ARCH = YES;
				SDKROOT = iphoneos;
				SWIFT_ACTIVE_COMPILATION_CONDITIONS = DEBUG;
				SWIFT_OPTIMIZATION_LEVEL = "-Onone";
			};
			name = Debug;
		};
		83A9E4342539DFD900D14C89 /* Release */ = {
			isa = XCBuildConfiguration;
			buildSettings = {
				ALWAYS_SEARCH_USER_PATHS = NO;
				CLANG_ANALYZER_NONNULL = YES;
				CLANG_ANALYZER_NUMBER_OBJECT_CONVERSION = YES_AGGRESSIVE;
				CLANG_CXX_LANGUAGE_STANDARD = "gnu++14";
				CLANG_CXX_LIBRARY = "libc++";
				CLANG_ENABLE_MODULES = YES;
				CLANG_ENABLE_OBJC_ARC = YES;
				CLANG_ENABLE_OBJC_WEAK = YES;
				CLANG_WARN_BLOCK_CAPTURE_AUTORELEASING = YES;
				CLANG_WARN_BOOL_CONVERSION = YES;
				CLANG_WARN_COMMA = YES;
				CLANG_WARN_CONSTANT_CONVERSION = YES;
				CLANG_WARN_DEPRECATED_OBJC_IMPLEMENTATIONS = YES;
				CLANG_WARN_DIRECT_OBJC_ISA_USAGE = YES_ERROR;
				CLANG_WARN_DOCUMENTATION_COMMENTS = YES;
				CLANG_WARN_EMPTY_BODY = YES;
				CLANG_WARN_ENUM_CONVERSION = YES;
				CLANG_WARN_INFINITE_RECURSION = YES;
				CLANG_WARN_INT_CONVERSION = YES;
				CLANG_WARN_NON_LITERAL_NULL_CONVERSION = YES;
				CLANG_WARN_OBJC_IMPLICIT_RETAIN_SELF = YES;
				CLANG_WARN_OBJC_LITERAL_CONVERSION = YES;
				CLANG_WARN_OBJC_ROOT_CLASS = YES_ERROR;
				CLANG_WARN_RANGE_LOOP_ANALYSIS = YES;
				CLANG_WARN_STRICT_PROTOTYPES = YES;
				CLANG_WARN_SUSPICIOUS_MOVE = YES;
				CLANG_WARN_UNGUARDED_AVAILABILITY = YES_AGGRESSIVE;
				CLANG_WARN_UNREACHABLE_CODE = YES;
				CLANG_WARN__DUPLICATE_METHOD_MATCH = YES;
				COPY_PHASE_STRIP = NO;
				DEBUG_INFORMATION_FORMAT = "dwarf-with-dsym";
				ENABLE_NS_ASSERTIONS = NO;
				ENABLE_STRICT_OBJC_MSGSEND = YES;
				GCC_C_LANGUAGE_STANDARD = gnu11;
				GCC_NO_COMMON_BLOCKS = YES;
				GCC_WARN_64_TO_32_BIT_CONVERSION = YES;
				GCC_WARN_ABOUT_RETURN_TYPE = YES_ERROR;
				GCC_WARN_UNDECLARED_SELECTOR = YES;
				GCC_WARN_UNINITIALIZED_AUTOS = YES_AGGRESSIVE;
				GCC_WARN_UNUSED_FUNCTION = YES;
				GCC_WARN_UNUSED_VARIABLE = YES;
				IPHONEOS_DEPLOYMENT_TARGET = 13.2;
				MTL_ENABLE_DEBUG_INFO = NO;
				MTL_FAST_MATH = YES;
				SDKROOT = iphoneos;
				SWIFT_COMPILATION_MODE = wholemodule;
				SWIFT_OPTIMIZATION_LEVEL = "-O";
				VALIDATE_PRODUCT = YES;
			};
			name = Release;
		};
		83A9E4362539DFD900D14C89 /* Debug */ = {
			isa = XCBuildConfiguration;
			buildSettings = {
				ASSETCATALOG_COMPILER_APPICON_NAME = AppIcon;
				CODE_SIGN_STYLE = Automatic;
				INFOPLIST_FILE = app5_adarsh_rao/Info.plist;
				LD_RUNPATH_SEARCH_PATHS = (
					"$(inherited)",
					"@executable_path/Frameworks",
				);
				PRODUCT_BUNDLE_IDENTIFIER = "adarshr.app5-adarsh-rao";
				PRODUCT_NAME = "$(TARGET_NAME)";
				SWIFT_VERSION = 5.0;
				TARGETED_DEVICE_FAMILY = "1,2";
			};
			name = Debug;
		};
		83A9E4372539DFD900D14C89 /* Release */ = {
			isa = XCBuildConfiguration;
			buildSettings = {
				ASSETCATALOG_COMPILER_APPICON_NAME = AppIcon;
				CODE_SIGN_STYLE = Automatic;
				INFOPLIST_FILE = app5_adarsh_rao/Info.plist;
				LD_RUNPATH_SEARCH_PATHS = (
					"$(inherited)",
					"@executable_path/Frameworks",
				);
				PRODUCT_BUNDLE_IDENTIFIER = "adarshr.app5-adarsh-rao";
				PRODUCT_NAME = "$(TARGET_NAME)";
				SWIFT_VERSION = 5.0;
				TARGETED_DEVICE_FAMILY = "1,2";
			};
			name = Release;
		};
		83A9E4392539DFD900D14C89 /* Debug */ = {
			isa = XCBuildConfiguration;
			buildSettings = {
				ALWAYS_EMBED_SWIFT_STANDARD_LIBRARIES = YES;
				BUNDLE_LOADER = "$(TEST_HOST)";
				CODE_SIGN_STYLE = Automatic;
				INFOPLIST_FILE = app5_adarsh_raoTests/Info.plist;
				IPHONEOS_DEPLOYMENT_TARGET = 13.2;
				LD_RUNPATH_SEARCH_PATHS = (
					"$(inherited)",
					"@executable_path/Frameworks",
					"@loader_path/Frameworks",
				);
				PRODUCT_BUNDLE_IDENTIFIER = "adarshr.app5-adarsh-raoTests";
				PRODUCT_NAME = "$(TARGET_NAME)";
				SWIFT_VERSION = 5.0;
				TARGETED_DEVICE_FAMILY = "1,2";
				TEST_HOST = "$(BUILT_PRODUCTS_DIR)/app5_adarsh_rao.app/app5_adarsh_rao";
			};
			name = Debug;
		};
		83A9E43A2539DFD900D14C89 /* Release */ = {
			isa = XCBuildConfiguration;
			buildSettings = {
				ALWAYS_EMBED_SWIFT_STANDARD_LIBRARIES = YES;
				BUNDLE_LOADER = "$(TEST_HOST)";
				CODE_SIGN_STYLE = Automatic;
				INFOPLIST_FILE = app5_adarsh_raoTests/Info.plist;
				IPHONEOS_DEPLOYMENT_TARGET = 13.2;
				LD_RUNPATH_SEARCH_PATHS = (
					"$(inherited)",
					"@executable_path/Frameworks",
					"@loader_path/Frameworks",
				);
				PRODUCT_BUNDLE_IDENTIFIER = "adarshr.app5-adarsh-raoTests";
				PRODUCT_NAME = "$(TARGET_NAME)";
				SWIFT_VERSION = 5.0;
				TARGETED_DEVICE_FAMILY = "1,2";
				TEST_HOST = "$(BUILT_PRODUCTS_DIR)/app5_adarsh_rao.app/app5_adarsh_rao";
			};
			name = Release;
		};
		83A9E43C2539DFD900D14C89 /* Debug */ = {
			isa = XCBuildConfiguration;
			buildSettings = {
				ALWAYS_EMBED_SWIFT_STANDARD_LIBRARIES = YES;
				CODE_SIGN_STYLE = Automatic;
				INFOPLIST_FILE = app5_adarsh_raoUITests/Info.plist;
				LD_RUNPATH_SEARCH_PATHS = (
					"$(inherited)",
					"@executable_path/Frameworks",
					"@loader_path/Frameworks",
				);
				PRODUCT_BUNDLE_IDENTIFIER = "adarshr.app5-adarsh-raoUITests";
				PRODUCT_NAME = "$(TARGET_NAME)";
				SWIFT_VERSION = 5.0;
				TARGETED_DEVICE_FAMILY = "1,2";
				TEST_TARGET_NAME = app5_adarsh_rao;
			};
			name = Debug;
		};
		83A9E43D2539DFD900D14C89 /* Release */ = {
			isa = XCBuildConfiguration;
			buildSettings = {
				ALWAYS_EMBED_SWIFT_STANDARD_LIBRARIES = YES;
				CODE_SIGN_STYLE = Automatic;
				INFOPLIST_FILE = app5_adarsh_raoUITests/Info.plist;
				LD_RUNPATH_SEARCH_PATHS = (
					"$(inherited)",
					"@executable_path/Frameworks",
					"@loader_path/Frameworks",
				);
				PRODUCT_BUNDLE_IDENTIFIER = "adarshr.app5-adarsh-raoUITests";
				PRODUCT_NAME = "$(TARGET_NAME)";
				SWIFT_VERSION = 5.0;
				TARGETED_DEVICE_FAMILY = "1,2";
				TEST_TARGET_NAME = app5_adarsh_rao;
			};
			name = Release;
		};
/* End XCBuildConfiguration section */

/* Begin XCConfigurationList section */
		83A9E4062539DFD300D14C89 /* Build configuration list for PBXProject "app5_adarsh_rao" */ = {
			isa = XCConfigurationList;
			buildConfigurations = (
				83A9E4332539DFD900D14C89 /* Debug */,
				83A9E4342539DFD900D14C89 /* Release */,
			);
			defaultConfigurationIsVisible = 0;
			defaultConfigurationName = Release;
		};
		83A9E4352539DFD900D14C89 /* Build configuration list for PBXNativeTarget "app5_adarsh_rao" */ = {
			isa = XCConfigurationList;
			buildConfigurations = (
				83A9E4362539DFD900D14C89 /* Debug */,
				83A9E4372539DFD900D14C89 /* Release */,
			);
			defaultConfigurationIsVisible = 0;
			defaultConfigurationName = Release;
		};
		83A9E4382539DFD900D14C89 /* Build configuration list for PBXNativeTarget "app5_adarsh_raoTests" */ = {
			isa = XCConfigurationList;
			buildConfigurations = (
				83A9E4392539DFD900D14C89 /* Debug */,
				83A9E43A2539DFD900D14C89 /* Release */,
			);
			defaultConfigurationIsVisible = 0;
			defaultConfigurationName = Release;
		};
		83A9E43B2539DFD900D14C89 /* Build configuration list for PBXNativeTarget "app5_adarsh_raoUITests" */ = {
			isa = XCConfigurationList;
			buildConfigurations = (
				83A9E43C2539DFD900D14C89 /* Debug */,
				83A9E43D2539DFD900D14C89 /* Release */,
			);
			defaultConfigurationIsVisible = 0;
			defaultConfigurationName = Release;
		};
/* End XCConfigurationList section */
	};
	rootObject = 83A9E4032539DFD300D14C89 /* Project object */;
}
